
Microsoft Visual Studio Solution File, Format Version 12.00
# Visual Studio Version 17
VisualStudioVersion = 17.3.32901.215
MinimumVisualStudioVersion = 10.0.40219.1
Project("{FAE04EC0-301F-11D3-BF4B-00C04F79EFBC}") = "CompareVersions", "CompareVersions.csproj", "{A7535E95-3BB8-416B-93CE-79D3B390C18D}"
EndProject
Global
	GlobalSection(SolutionConfigurationPlatforms) = preSolution
		Debug|Any CPU = Debug|Any CPU
		Release|Any CPU = Release|Any CPU
	EndGlobalSection
	GlobalSection(ProjectConfigurationPlatforms) = postSolution
		{A7535E95-3BB8-416B-93CE-79D3B390C18D}.Debug|Any CPU.ActiveCfg = Debug|Any CPU
		{A7535E95-3BB8-416B-93CE-79D3B390C18D}.Debug|Any CPU.Build.0 = Debug|Any CPU
		{A7535E95-3BB8-416B-93CE-79D3B390C18D}.Release|Any CPU.ActiveCfg = Release|Any CPU
		{A7535E95-3BB8-416B-93CE-79D3B390C18D}.Release|Any CPU.Build.0 = Release|Any CPU
	EndGlobalSection
	GlobalSection(SolutionProperties) = preSolution
		HideSolutionNode = FALSE
	EndGlobalSection
	GlobalSection(ExtensibilityGlobals) = postSolution
		SolutionGuid = {9F892D24-30CF-483B-B9B7-E32DE2956640}
	EndGlobalSection
EndGlobal
